// !$*UTF8*$!
{
	archiveVersion = 1;
	classes = {
	};
	objectVersion = 50;
	objects = {

/* Begin PBXBuildFile section */
		8A050F8E21CFDE530045953C /* Assets.xcassets in Resources */ = {isa = PBXBuildFile; fileRef = 8A050F8D21CFDE530045953C /* Assets.xcassets */; };
		8A050F9121D00A620045953C /* ThumbnailCollectionViewController.swift in Sources */ = {isa = PBXBuildFile; fileRef = 8A050F9021D00A620045953C /* ThumbnailCollectionViewController.swift */; };
		8A050F9421D00FB80045953C /* FavoritesViewController.swift in Sources */ = {isa = PBXBuildFile; fileRef = 8A050F9321D00FB80045953C /* FavoritesViewController.swift */; };
		8A2D043921D5C30F00CD344E /* Fottos.xcdatamodeld in Sources */ = {isa = PBXBuildFile; fileRef = 8A2D043721D5C30F00CD344E /* Fottos.xcdatamodeld */; };
		8A40624921D99E0500CE62A8 /* SettingsViewController.swift in Sources */ = {isa = PBXBuildFile; fileRef = 8A40624821D99E0500CE62A8 /* SettingsViewController.swift */; };
		8A40624B21DA849800CE62A8 /* SearchViewModel.swift in Sources */ = {isa = PBXBuildFile; fileRef = 8A40624A21DA849800CE62A8 /* SearchViewModel.swift */; };
		8A40624D21DA98E800CE62A8 /* FavoritesViewModel.swift in Sources */ = {isa = PBXBuildFile; fileRef = 8A40624C21DA98E800CE62A8 /* FavoritesViewModel.swift */; };
		8A40624F21DAA3DA00CE62A8 /* SettingsViewModel.swift in Sources */ = {isa = PBXBuildFile; fileRef = 8A40624E21DAA3DA00CE62A8 /* SettingsViewModel.swift */; };
		8A40625121DB14C200CE62A8 /* SlideshowViewModel.swift in Sources */ = {isa = PBXBuildFile; fileRef = 8A40625021DB14C200CE62A8 /* SlideshowViewModel.swift */; };
		8A40625521DC639A00CE62A8 /* HttpMethod.swift in Sources */ = {isa = PBXBuildFile; fileRef = 8A40625421DC639A00CE62A8 /* HttpMethod.swift */; };
		8A40625721DC63C000CE62A8 /* NetworkError.swift in Sources */ = {isa = PBXBuildFile; fileRef = 8A40625621DC63C000CE62A8 /* NetworkError.swift */; };
		8A40625921DC63F300CE62A8 /* RequestType.swift in Sources */ = {isa = PBXBuildFile; fileRef = 8A40625821DC63F300CE62A8 /* RequestType.swift */; };
		8A40625B21DD15D000CE62A8 /* config.json in Resources */ = {isa = PBXBuildFile; fileRef = 8A40625A21DD15D000CE62A8 /* config.json */; };
		8A40625F21DD1EC900CE62A8 /* FetchConfigFeed.swift in Sources */ = {isa = PBXBuildFile; fileRef = 8A40625E21DD1EC900CE62A8 /* FetchConfigFeed.swift */; };
		8A40626121DD22DF00CE62A8 /* Shared.xcconfig in Resources */ = {isa = PBXBuildFile; fileRef = 8A40626021DD22DA00CE62A8 /* Shared.xcconfig */; };
		8A40626321DD3F7300CE62A8 /* Config.swift in Sources */ = {isa = PBXBuildFile; fileRef = 8A40626221DD3F7300CE62A8 /* Config.swift */; };
		8A40626521DD43A200CE62A8 /* Category.swift in Sources */ = {isa = PBXBuildFile; fileRef = 8A40626421DD43A200CE62A8 /* Category.swift */; };
		8A40626721DD589000CE62A8 /* PhotoDownload.swift in Sources */ = {isa = PBXBuildFile; fileRef = 8A40626621DD589000CE62A8 /* PhotoDownload.swift */; };
		8A40626921DDB68C00CE62A8 /* SearchPhotos.swift in Sources */ = {isa = PBXBuildFile; fileRef = 8A40626821DDB68C00CE62A8 /* SearchPhotos.swift */; };
		8A40626B21DDD06500CE62A8 /* ExploreViewModel.swift in Sources */ = {isa = PBXBuildFile; fileRef = 8A40626A21DDD06500CE62A8 /* ExploreViewModel.swift */; };
		8A40626D21DE538000CE62A8 /* FetchPerPageUITableViewCell.swift in Sources */ = {isa = PBXBuildFile; fileRef = 8A40626C21DE538000CE62A8 /* FetchPerPageUITableViewCell.swift */; };
		8A40626F21DE9CC900CE62A8 /* ThumbnailCollectionViewCell.swift in Sources */ = {isa = PBXBuildFile; fileRef = 8A40626E21DE9CC900CE62A8 /* ThumbnailCollectionViewCell.swift */; };
		8A40627121DFCA5700CE62A8 /* TypeAliases.swift in Sources */ = {isa = PBXBuildFile; fileRef = 8A40627021DFCA5700CE62A8 /* TypeAliases.swift */; };
		8A40627721DFF68B00CE62A8 /* Localizable.strings in Resources */ = {isa = PBXBuildFile; fileRef = 8A40627921DFF68B00CE62A8 /* Localizable.strings */; };
		8A40627B21DFF76E00CE62A8 /* Details.storyboard in Resources */ = {isa = PBXBuildFile; fileRef = 8A40627D21DFF76E00CE62A8 /* Details.storyboard */; };
		8A40628321E228D000CE62A8 /* PhotoMetadataTests.swift in Sources */ = {isa = PBXBuildFile; fileRef = 8A40628221E228D000CE62A8 /* PhotoMetadataTests.swift */; };
		8A40628421E2298200CE62A8 /* PhotoMetadata.swift in Sources */ = {isa = PBXBuildFile; fileRef = 8AF0451121CD6D4B00B5EE38 /* PhotoMetadata.swift */; };
		8A40628521E3D99000CE62A8 /* DownloadImage.swift in Sources */ = {isa = PBXBuildFile; fileRef = 8AF0451F21CED0C200B5EE38 /* DownloadImage.swift */; };
		8A40628621E3D9AC00CE62A8 /* TypeAliases.swift in Sources */ = {isa = PBXBuildFile; fileRef = 8A40627021DFCA5700CE62A8 /* TypeAliases.swift */; };
		8A40628721E3DA3000CE62A8 /* Utils.swift in Sources */ = {isa = PBXBuildFile; fileRef = 8AF0451521CD6E3C00B5EE38 /* Utils.swift */; };
		8A40628821E3DBC200CE62A8 /* RequestType.swift in Sources */ = {isa = PBXBuildFile; fileRef = 8A40625821DC63F300CE62A8 /* RequestType.swift */; };
		8A40628921E3DCA900CE62A8 /* RequestData.swift in Sources */ = {isa = PBXBuildFile; fileRef = 8AF0450D21CC812300B5EE38 /* RequestData.swift */; };
		8A40628A21E3DCC400CE62A8 /* HttpMethod.swift in Sources */ = {isa = PBXBuildFile; fileRef = 8A40625421DC639A00CE62A8 /* HttpMethod.swift */; };
		8A40628B21E3DD2F00CE62A8 /* NetworkDispatcher.swift in Sources */ = {isa = PBXBuildFile; fileRef = 8AF0451721CDEFD600B5EE38 /* NetworkDispatcher.swift */; };
		8A40628C21E3DD4800CE62A8 /* NetworkError.swift in Sources */ = {isa = PBXBuildFile; fileRef = 8A40625621DC63C000CE62A8 /* NetworkError.swift */; };
		8A40628D21E3DD5400CE62A8 /* PhotoSearch.swift in Sources */ = {isa = PBXBuildFile; fileRef = 8AF0451321CD6DCE00B5EE38 /* PhotoSearch.swift */; };
		8A40628E21E3DD5E00CE62A8 /* Endpoint.swift in Sources */ = {isa = PBXBuildFile; fileRef = 8AF0451921CDF57800B5EE38 /* Endpoint.swift */; };
		8A40628F21E3DD7A00CE62A8 /* PhotoParse.swift in Sources */ = {isa = PBXBuildFile; fileRef = 8AF0451D21CECF5000B5EE38 /* PhotoParse.swift */; };
		8A40629021E3DD7D00CE62A8 /* PagedPhotoResponse.swift in Sources */ = {isa = PBXBuildFile; fileRef = 8AC166A121D667750094D9E2 /* PagedPhotoResponse.swift */; };
		8A40629121E3DDA700CE62A8 /* SearchPhotos.swift in Sources */ = {isa = PBXBuildFile; fileRef = 8A40626821DDB68C00CE62A8 /* SearchPhotos.swift */; };
		8A40629221E3DE0600CE62A8 /* Config.swift in Sources */ = {isa = PBXBuildFile; fileRef = 8A40626221DD3F7300CE62A8 /* Config.swift */; };
		8A40629321E3DE2B00CE62A8 /* PhotoDownload.swift in Sources */ = {isa = PBXBuildFile; fileRef = 8A40626621DD589000CE62A8 /* PhotoDownload.swift */; };
		8A40629421E3DE3100CE62A8 /* FetchPerPage.swift in Sources */ = {isa = PBXBuildFile; fileRef = 8AABBA0021D43E8700C5CA92 /* FetchPerPage.swift */; };
		8A40629521E3DE3800CE62A8 /* Category.swift in Sources */ = {isa = PBXBuildFile; fileRef = 8A40626421DD43A200CE62A8 /* Category.swift */; };
		8A460D0521CB487A00327259 /* AppDelegate.swift in Sources */ = {isa = PBXBuildFile; fileRef = 8A460D0421CB487A00327259 /* AppDelegate.swift */; };
		8A460D0A21CB487A00327259 /* HomeTabBar.storyboard in Resources */ = {isa = PBXBuildFile; fileRef = 8A460D0821CB487A00327259 /* HomeTabBar.storyboard */; };
		8A460D1221CB487B00327259 /* LaunchScreen.storyboard in Resources */ = {isa = PBXBuildFile; fileRef = 8A460D1021CB487B00327259 /* LaunchScreen.storyboard */; };
		8A460D1D21CB487B00327259 /* FottosTests.swift in Sources */ = {isa = PBXBuildFile; fileRef = 8A460D1C21CB487B00327259 /* FottosTests.swift */; };
		8A460D2821CB487B00327259 /* FottosUITests.swift in Sources */ = {isa = PBXBuildFile; fileRef = 8A460D2721CB487B00327259 /* FottosUITests.swift */; };
		8A460D3A21CB546000327259 /* ExploreCollectionViewController.swift in Sources */ = {isa = PBXBuildFile; fileRef = 8A460D3921CB546000327259 /* ExploreCollectionViewController.swift */; };
		8A460D4021CB564000327259 /* CategoryCollectionViewCell.swift in Sources */ = {isa = PBXBuildFile; fileRef = 8A460D3F21CB564000327259 /* CategoryCollectionViewCell.swift */; };
		8AABB9FC21D3EC4A00C5CA92 /* Thumbnail.storyboard in Resources */ = {isa = PBXBuildFile; fileRef = 8AABB9FB21D3EC4A00C5CA92 /* Thumbnail.storyboard */; };
		8AABB9FF21D3F8B800C5CA92 /* SlideshowCollectionViewCell.swift in Sources */ = {isa = PBXBuildFile; fileRef = 8AABB9FE21D3F8B800C5CA92 /* SlideshowCollectionViewCell.swift */; };
		8AABBA0121D43E8700C5CA92 /* FetchPerPage.swift in Sources */ = {isa = PBXBuildFile; fileRef = 8AABBA0021D43E8700C5CA92 /* FetchPerPage.swift */; };
		8AABBA0721D44FE000C5CA92 /* Store.swift in Sources */ = {isa = PBXBuildFile; fileRef = 8AABBA0621D44FE000C5CA92 /* Store.swift */; };
		8AABBA0A21D4508600C5CA92 /* CoreData.framework in Frameworks */ = {isa = PBXBuildFile; fileRef = 8AABBA0921D4508600C5CA92 /* CoreData.framework */; };
		8AC1669C21D5C3BF0094D9E2 /* Favorite+CoreDataClass.swift in Sources */ = {isa = PBXBuildFile; fileRef = 8AC1669A21D5C3BF0094D9E2 /* Favorite+CoreDataClass.swift */; };
		8AC1669D21D5C3BF0094D9E2 /* Favorite+CoreDataProperties.swift in Sources */ = {isa = PBXBuildFile; fileRef = 8AC1669B21D5C3BF0094D9E2 /* Favorite+CoreDataProperties.swift */; };
		8AC1669F21D65E4D0094D9E2 /* ThumbnailViewModel.swift in Sources */ = {isa = PBXBuildFile; fileRef = 8AC1669E21D65E4D0094D9E2 /* ThumbnailViewModel.swift */; };
		8AC166A221D667750094D9E2 /* PagedPhotoResponse.swift in Sources */ = {isa = PBXBuildFile; fileRef = 8AC166A121D667750094D9E2 /* PagedPhotoResponse.swift */; };
		8AC166A421D7ABAE0094D9E2 /* Named.swift in Sources */ = {isa = PBXBuildFile; fileRef = 8AC166A321D7ABAE0094D9E2 /* Named.swift */; };
		8AC166F321D7C1950094D9E2 /* Search+CoreDataClass.swift in Sources */ = {isa = PBXBuildFile; fileRef = 8AC166F121D7C1950094D9E2 /* Search+CoreDataClass.swift */; };
		8AC166F421D7C1950094D9E2 /* Search+CoreDataProperties.swift in Sources */ = {isa = PBXBuildFile; fileRef = 8AC166F221D7C1950094D9E2 /* Search+CoreDataProperties.swift */; };
		8AC166F921D851290094D9E2 /* ManagedObjectType.swift in Sources */ = {isa = PBXBuildFile; fileRef = 8AC166F821D851290094D9E2 /* ManagedObjectType.swift */; };
		8AF0450C21CC213C00B5EE38 /* DetailViewController.swift in Sources */ = {isa = PBXBuildFile; fileRef = 8AF0450B21CC213C00B5EE38 /* DetailViewController.swift */; };
		8AF0450E21CC812300B5EE38 /* RequestData.swift in Sources */ = {isa = PBXBuildFile; fileRef = 8AF0450D21CC812300B5EE38 /* RequestData.swift */; };
		8AF0451021CD56FE00B5EE38 /* SearchViewController.swift in Sources */ = {isa = PBXBuildFile; fileRef = 8AF0450F21CD56FE00B5EE38 /* SearchViewController.swift */; };
		8AF0451221CD6D4B00B5EE38 /* PhotoMetadata.swift in Sources */ = {isa = PBXBuildFile; fileRef = 8AF0451121CD6D4B00B5EE38 /* PhotoMetadata.swift */; };
		8AF0451421CD6DCE00B5EE38 /* PhotoSearch.swift in Sources */ = {isa = PBXBuildFile; fileRef = 8AF0451321CD6DCE00B5EE38 /* PhotoSearch.swift */; };
		8AF0451621CD6E3C00B5EE38 /* Utils.swift in Sources */ = {isa = PBXBuildFile; fileRef = 8AF0451521CD6E3C00B5EE38 /* Utils.swift */; };
		8AF0451821CDEFD600B5EE38 /* NetworkDispatcher.swift in Sources */ = {isa = PBXBuildFile; fileRef = 8AF0451721CDEFD600B5EE38 /* NetworkDispatcher.swift */; };
		8AF0451A21CDF57800B5EE38 /* Endpoint.swift in Sources */ = {isa = PBXBuildFile; fileRef = 8AF0451921CDF57800B5EE38 /* Endpoint.swift */; };
		8AF0451E21CECF5000B5EE38 /* PhotoParse.swift in Sources */ = {isa = PBXBuildFile; fileRef = 8AF0451D21CECF5000B5EE38 /* PhotoParse.swift */; };
		8AF0452021CED0C200B5EE38 /* DownloadImage.swift in Sources */ = {isa = PBXBuildFile; fileRef = 8AF0451F21CED0C200B5EE38 /* DownloadImage.swift */; };
		8AF0C84921D01FDF00E418D4 /* Slideshow.storyboard in Resources */ = {isa = PBXBuildFile; fileRef = 8AF0C84721D01FDF00E418D4 /* Slideshow.storyboard */; };
		8AF0C85321D02B3B00E418D4 /* SlideShowCollectionViewController.swift in Sources */ = {isa = PBXBuildFile; fileRef = 8AF0C85221D02B3B00E418D4 /* SlideShowCollectionViewController.swift */; };
/* End PBXBuildFile section */

/* Begin PBXContainerItemProxy section */
		8A460D1921CB487B00327259 /* PBXContainerItemProxy */ = {
			isa = PBXContainerItemProxy;
			containerPortal = 8A460CF921CB487A00327259 /* Project object */;
			proxyType = 1;
			remoteGlobalIDString = 8A460D0021CB487A00327259;
			remoteInfo = Fottos;
		};
		8A460D2421CB487B00327259 /* PBXContainerItemProxy */ = {
			isa = PBXContainerItemProxy;
			containerPortal = 8A460CF921CB487A00327259 /* Project object */;
			proxyType = 1;
			remoteGlobalIDString = 8A460D0021CB487A00327259;
			remoteInfo = Fottos;
		};
/* End PBXContainerItemProxy section */

/* Begin PBXFileReference section */
		8A050F8D21CFDE530045953C /* Assets.xcassets */ = {isa = PBXFileReference; lastKnownFileType = folder.assetcatalog; path = Assets.xcassets; sourceTree = "<group>"; };
		8A050F9021D00A620045953C /* ThumbnailCollectionViewController.swift */ = {isa = PBXFileReference; lastKnownFileType = sourcecode.swift; path = ThumbnailCollectionViewController.swift; sourceTree = "<group>"; };
		8A050F9321D00FB80045953C /* FavoritesViewController.swift */ = {isa = PBXFileReference; lastKnownFileType = sourcecode.swift; path = FavoritesViewController.swift; sourceTree = "<group>"; };
		8A2D043821D5C30F00CD344E /* Fottos.xcdatamodel */ = {isa = PBXFileReference; lastKnownFileType = wrapper.xcdatamodel; path = Fottos.xcdatamodel; sourceTree = "<group>"; };
		8A40624821D99E0500CE62A8 /* SettingsViewController.swift */ = {isa = PBXFileReference; lastKnownFileType = sourcecode.swift; path = SettingsViewController.swift; sourceTree = "<group>"; };
		8A40624A21DA849800CE62A8 /* SearchViewModel.swift */ = {isa = PBXFileReference; lastKnownFileType = sourcecode.swift; path = SearchViewModel.swift; sourceTree = "<group>"; };
		8A40624C21DA98E800CE62A8 /* FavoritesViewModel.swift */ = {isa = PBXFileReference; lastKnownFileType = sourcecode.swift; path = FavoritesViewModel.swift; sourceTree = "<group>"; };
		8A40624E21DAA3DA00CE62A8 /* SettingsViewModel.swift */ = {isa = PBXFileReference; lastKnownFileType = sourcecode.swift; path = SettingsViewModel.swift; sourceTree = "<group>"; };
		8A40625021DB14C200CE62A8 /* SlideshowViewModel.swift */ = {isa = PBXFileReference; lastKnownFileType = sourcecode.swift; path = SlideshowViewModel.swift; sourceTree = "<group>"; };
		8A40625421DC639A00CE62A8 /* HttpMethod.swift */ = {isa = PBXFileReference; lastKnownFileType = sourcecode.swift; path = HttpMethod.swift; sourceTree = "<group>"; };
		8A40625621DC63C000CE62A8 /* NetworkError.swift */ = {isa = PBXFileReference; lastKnownFileType = sourcecode.swift; path = NetworkError.swift; sourceTree = "<group>"; };
		8A40625821DC63F300CE62A8 /* RequestType.swift */ = {isa = PBXFileReference; lastKnownFileType = sourcecode.swift; path = RequestType.swift; sourceTree = "<group>"; };
		8A40625A21DD15D000CE62A8 /* config.json */ = {isa = PBXFileReference; fileEncoding = 4; lastKnownFileType = text.json; path = config.json; sourceTree = "<group>"; };
		8A40625E21DD1EC900CE62A8 /* FetchConfigFeed.swift */ = {isa = PBXFileReference; lastKnownFileType = sourcecode.swift; path = FetchConfigFeed.swift; sourceTree = "<group>"; };
		8A40626021DD22DA00CE62A8 /* Shared.xcconfig */ = {isa = PBXFileReference; lastKnownFileType = text.xcconfig; path = Shared.xcconfig; sourceTree = "<group>"; };
		8A40626221DD3F7300CE62A8 /* Config.swift */ = {isa = PBXFileReference; lastKnownFileType = sourcecode.swift; path = Config.swift; sourceTree = "<group>"; };
		8A40626421DD43A200CE62A8 /* Category.swift */ = {isa = PBXFileReference; lastKnownFileType = sourcecode.swift; path = Category.swift; sourceTree = "<group>"; };
		8A40626621DD589000CE62A8 /* PhotoDownload.swift */ = {isa = PBXFileReference; lastKnownFileType = sourcecode.swift; path = PhotoDownload.swift; sourceTree = "<group>"; };
		8A40626821DDB68C00CE62A8 /* SearchPhotos.swift */ = {isa = PBXFileReference; lastKnownFileType = sourcecode.swift; path = SearchPhotos.swift; sourceTree = "<group>"; };
		8A40626A21DDD06500CE62A8 /* ExploreViewModel.swift */ = {isa = PBXFileReference; lastKnownFileType = sourcecode.swift; path = ExploreViewModel.swift; sourceTree = "<group>"; };
		8A40626C21DE538000CE62A8 /* FetchPerPageUITableViewCell.swift */ = {isa = PBXFileReference; lastKnownFileType = sourcecode.swift; path = FetchPerPageUITableViewCell.swift; sourceTree = "<group>"; };
		8A40626E21DE9CC900CE62A8 /* ThumbnailCollectionViewCell.swift */ = {isa = PBXFileReference; lastKnownFileType = sourcecode.swift; path = ThumbnailCollectionViewCell.swift; sourceTree = "<group>"; };
		8A40627021DFCA5700CE62A8 /* TypeAliases.swift */ = {isa = PBXFileReference; lastKnownFileType = sourcecode.swift; path = TypeAliases.swift; sourceTree = "<group>"; };
		8A40627421DFF4AB00CE62A8 /* es */ = {isa = PBXFileReference; lastKnownFileType = text.plist.strings; name = es; path = es.lproj/HomeTabBar.strings; sourceTree = "<group>"; };
		8A40627521DFF4AB00CE62A8 /* es */ = {isa = PBXFileReference; lastKnownFileType = text.plist.strings; name = es; path = "Fottos/View Controllers/Thumbnails/Fottos/es.lproj/Slideshow.strings"; sourceTree = "<group>"; };
		8A40627621DFF4AC00CE62A8 /* es */ = {isa = PBXFileReference; lastKnownFileType = text.plist.strings; name = es; path = es.lproj/LaunchScreen.strings; sourceTree = "<group>"; };
		8A40627821DFF68B00CE62A8 /* es */ = {isa = PBXFileReference; lastKnownFileType = text.plist.strings; name = es; path = es.lproj/Localizable.strings; sourceTree = "<group>"; };
		8A40627C21DFF76E00CE62A8 /* Base */ = {isa = PBXFileReference; lastKnownFileType = file.storyboard; name = Base; path = Base.lproj/Details.storyboard; sourceTree = "<group>"; };
		8A40627F21DFF77500CE62A8 /* en */ = {isa = PBXFileReference; lastKnownFileType = text.plist.strings; name = en; path = en.lproj/Details.strings; sourceTree = "<group>"; };
		8A40628121DFF77600CE62A8 /* es */ = {isa = PBXFileReference; lastKnownFileType = text.plist.strings; name = es; path = es.lproj/Details.strings; sourceTree = "<group>"; };
		8A40628221E228D000CE62A8 /* PhotoMetadataTests.swift */ = {isa = PBXFileReference; lastKnownFileType = sourcecode.swift; path = PhotoMetadataTests.swift; sourceTree = "<group>"; };
		8A460D0121CB487A00327259 /* Fottos.app */ = {isa = PBXFileReference; explicitFileType = wrapper.application; includeInIndex = 0; path = Fottos.app; sourceTree = BUILT_PRODUCTS_DIR; };
		8A460D0421CB487A00327259 /* AppDelegate.swift */ = {isa = PBXFileReference; lastKnownFileType = sourcecode.swift; path = AppDelegate.swift; sourceTree = "<group>"; };
		8A460D0921CB487A00327259 /* Base */ = {isa = PBXFileReference; lastKnownFileType = file.storyboard; name = Base; path = Base.lproj/HomeTabBar.storyboard; sourceTree = "<group>"; };
		8A460D1121CB487B00327259 /* Base */ = {isa = PBXFileReference; lastKnownFileType = file.storyboard; name = Base; path = Base.lproj/LaunchScreen.storyboard; sourceTree = "<group>"; };
		8A460D1321CB487B00327259 /* Info.plist */ = {isa = PBXFileReference; lastKnownFileType = text.plist.xml; path = Info.plist; sourceTree = "<group>"; };
		8A460D1821CB487B00327259 /* FottosTests.xctest */ = {isa = PBXFileReference; explicitFileType = wrapper.cfbundle; includeInIndex = 0; path = FottosTests.xctest; sourceTree = BUILT_PRODUCTS_DIR; };
		8A460D1C21CB487B00327259 /* FottosTests.swift */ = {isa = PBXFileReference; lastKnownFileType = sourcecode.swift; path = FottosTests.swift; sourceTree = "<group>"; };
		8A460D1E21CB487B00327259 /* Info.plist */ = {isa = PBXFileReference; lastKnownFileType = text.plist.xml; path = Info.plist; sourceTree = "<group>"; };
		8A460D2321CB487B00327259 /* FottosUITests.xctest */ = {isa = PBXFileReference; explicitFileType = wrapper.cfbundle; includeInIndex = 0; path = FottosUITests.xctest; sourceTree = BUILT_PRODUCTS_DIR; };
		8A460D2721CB487B00327259 /* FottosUITests.swift */ = {isa = PBXFileReference; lastKnownFileType = sourcecode.swift; path = FottosUITests.swift; sourceTree = "<group>"; };
		8A460D2921CB487B00327259 /* Info.plist */ = {isa = PBXFileReference; lastKnownFileType = text.plist.xml; path = Info.plist; sourceTree = "<group>"; };
		8A460D3921CB546000327259 /* ExploreCollectionViewController.swift */ = {isa = PBXFileReference; lastKnownFileType = sourcecode.swift; path = ExploreCollectionViewController.swift; sourceTree = "<group>"; };
		8A460D3F21CB564000327259 /* CategoryCollectionViewCell.swift */ = {isa = PBXFileReference; lastKnownFileType = sourcecode.swift; path = CategoryCollectionViewCell.swift; sourceTree = "<group>"; };
		8AABB9FB21D3EC4A00C5CA92 /* Thumbnail.storyboard */ = {isa = PBXFileReference; fileEncoding = 4; lastKnownFileType = file.storyboard; path = Thumbnail.storyboard; sourceTree = "<group>"; };
		8AABB9FE21D3F8B800C5CA92 /* SlideshowCollectionViewCell.swift */ = {isa = PBXFileReference; lastKnownFileType = sourcecode.swift; path = SlideshowCollectionViewCell.swift; sourceTree = "<group>"; };
		8AABBA0021D43E8700C5CA92 /* FetchPerPage.swift */ = {isa = PBXFileReference; lastKnownFileType = sourcecode.swift; path = FetchPerPage.swift; sourceTree = "<group>"; };
		8AABBA0621D44FE000C5CA92 /* Store.swift */ = {isa = PBXFileReference; fileEncoding = 4; lastKnownFileType = sourcecode.swift; path = Store.swift; sourceTree = "<group>"; };
		8AABBA0921D4508600C5CA92 /* CoreData.framework */ = {isa = PBXFileReference; lastKnownFileType = wrapper.framework; name = CoreData.framework; path = System/Library/Frameworks/CoreData.framework; sourceTree = SDKROOT; };
		8AC1669A21D5C3BF0094D9E2 /* Favorite+CoreDataClass.swift */ = {isa = PBXFileReference; lastKnownFileType = sourcecode.swift; path = "Favorite+CoreDataClass.swift"; sourceTree = "<group>"; };
		8AC1669B21D5C3BF0094D9E2 /* Favorite+CoreDataProperties.swift */ = {isa = PBXFileReference; lastKnownFileType = sourcecode.swift; path = "Favorite+CoreDataProperties.swift"; sourceTree = "<group>"; };
		8AC1669E21D65E4D0094D9E2 /* ThumbnailViewModel.swift */ = {isa = PBXFileReference; lastKnownFileType = sourcecode.swift; path = ThumbnailViewModel.swift; sourceTree = "<group>"; };
		8AC166A121D667750094D9E2 /* PagedPhotoResponse.swift */ = {isa = PBXFileReference; lastKnownFileType = sourcecode.swift; path = PagedPhotoResponse.swift; sourceTree = "<group>"; };
		8AC166A321D7ABAE0094D9E2 /* Named.swift */ = {isa = PBXFileReference; fileEncoding = 4; lastKnownFileType = sourcecode.swift; path = Named.swift; sourceTree = "<group>"; };
		8AC166F121D7C1950094D9E2 /* Search+CoreDataClass.swift */ = {isa = PBXFileReference; lastKnownFileType = sourcecode.swift; path = "Search+CoreDataClass.swift"; sourceTree = "<group>"; };
		8AC166F221D7C1950094D9E2 /* Search+CoreDataProperties.swift */ = {isa = PBXFileReference; lastKnownFileType = sourcecode.swift; path = "Search+CoreDataProperties.swift"; sourceTree = "<group>"; };
		8AC166F821D851290094D9E2 /* ManagedObjectType.swift */ = {isa = PBXFileReference; lastKnownFileType = sourcecode.swift; path = ManagedObjectType.swift; sourceTree = "<group>"; };
		8AF0450B21CC213C00B5EE38 /* DetailViewController.swift */ = {isa = PBXFileReference; lastKnownFileType = sourcecode.swift; path = DetailViewController.swift; sourceTree = "<group>"; };
		8AF0450D21CC812300B5EE38 /* RequestData.swift */ = {isa = PBXFileReference; lastKnownFileType = sourcecode.swift; path = RequestData.swift; sourceTree = "<group>"; };
		8AF0450F21CD56FE00B5EE38 /* SearchViewController.swift */ = {isa = PBXFileReference; lastKnownFileType = sourcecode.swift; path = SearchViewController.swift; sourceTree = "<group>"; };
		8AF0451121CD6D4B00B5EE38 /* PhotoMetadata.swift */ = {isa = PBXFileReference; lastKnownFileType = sourcecode.swift; path = PhotoMetadata.swift; sourceTree = "<group>"; };
		8AF0451321CD6DCE00B5EE38 /* PhotoSearch.swift */ = {isa = PBXFileReference; lastKnownFileType = sourcecode.swift; path = PhotoSearch.swift; sourceTree = "<group>"; };
		8AF0451521CD6E3C00B5EE38 /* Utils.swift */ = {isa = PBXFileReference; lastKnownFileType = sourcecode.swift; path = Utils.swift; sourceTree = "<group>"; };
		8AF0451721CDEFD600B5EE38 /* NetworkDispatcher.swift */ = {isa = PBXFileReference; lastKnownFileType = sourcecode.swift; path = NetworkDispatcher.swift; sourceTree = "<group>"; };
		8AF0451921CDF57800B5EE38 /* Endpoint.swift */ = {isa = PBXFileReference; lastKnownFileType = sourcecode.swift; path = Endpoint.swift; sourceTree = "<group>"; };
		8AF0451D21CECF5000B5EE38 /* PhotoParse.swift */ = {isa = PBXFileReference; lastKnownFileType = sourcecode.swift; path = PhotoParse.swift; sourceTree = "<group>"; };
		8AF0451F21CED0C200B5EE38 /* DownloadImage.swift */ = {isa = PBXFileReference; lastKnownFileType = sourcecode.swift; path = DownloadImage.swift; sourceTree = "<group>"; };
		8AF0C84821D01FDF00E418D4 /* Base */ = {isa = PBXFileReference; lastKnownFileType = file.storyboard; name = Base; path = "Fottos/View Controllers/Thumbnails/Fottos/Base.lproj/Slideshow.storyboard"; sourceTree = "<group>"; };
		8AF0C85221D02B3B00E418D4 /* SlideShowCollectionViewController.swift */ = {isa = PBXFileReference; lastKnownFileType = sourcecode.swift; path = SlideShowCollectionViewController.swift; sourceTree = "<group>"; };
/* End PBXFileReference section */

/* Begin PBXFrameworksBuildPhase section */
		8A460CFE21CB487A00327259 /* Frameworks */ = {
			isa = PBXFrameworksBuildPhase;
			buildActionMask = 2147483647;
			files = (
				8AABBA0A21D4508600C5CA92 /* CoreData.framework in Frameworks */,
			);
			runOnlyForDeploymentPostprocessing = 0;
		};
		8A460D1521CB487B00327259 /* Frameworks */ = {
			isa = PBXFrameworksBuildPhase;
			buildActionMask = 2147483647;
			files = (
			);
			runOnlyForDeploymentPostprocessing = 0;
		};
		8A460D2021CB487B00327259 /* Frameworks */ = {
			isa = PBXFrameworksBuildPhase;
			buildActionMask = 2147483647;
			files = (
			);
			runOnlyForDeploymentPostprocessing = 0;
		};
/* End PBXFrameworksBuildPhase section */

/* Begin PBXGroup section */
		8A050F8F21D00A2F0045953C /* Thumbnails */ = {
			isa = PBXGroup;
			children = (
				8AABB9FB21D3EC4A00C5CA92 /* Thumbnail.storyboard */,
				8A050F9021D00A620045953C /* ThumbnailCollectionViewController.swift */,
				8AC1669E21D65E4D0094D9E2 /* ThumbnailViewModel.swift */,
				8A40626E21DE9CC900CE62A8 /* ThumbnailCollectionViewCell.swift */,
			);
			path = Thumbnails;
			sourceTree = "<group>";
		};
		8A050F9221D00EF20045953C /* Favorites */ = {
			isa = PBXGroup;
			children = (
				8A050F9321D00FB80045953C /* FavoritesViewController.swift */,
				8A40624C21DA98E800CE62A8 /* FavoritesViewModel.swift */,
			);
			path = Favorites;
			sourceTree = "<group>";
		};
		8A40624721D99D5C00CE62A8 /* Settings */ = {
			isa = PBXGroup;
			children = (
				8A40624821D99E0500CE62A8 /* SettingsViewController.swift */,
				8A40624E21DAA3DA00CE62A8 /* SettingsViewModel.swift */,
				8A40626C21DE538000CE62A8 /* FetchPerPageUITableViewCell.swift */,
				8AABBA0021D43E8700C5CA92 /* FetchPerPage.swift */,
			);
			path = Settings;
			sourceTree = "<group>";
		};
		8A40625221DBE93400CE62A8 /* Tabs */ = {
			isa = PBXGroup;
			children = (
				8A460D3B21CB553B00327259 /* Explore */,
				8AF0452421CF576300B5EE38 /* Search */,
				8A050F9221D00EF20045953C /* Favorites */,
				8A40624721D99D5C00CE62A8 /* Settings */,
			);
			path = Tabs;
			sourceTree = "<group>";
		};
		8A40625321DBEAF800CE62A8 /* Photo Client */ = {
			isa = PBXGroup;
			children = (
				8AF0451121CD6D4B00B5EE38 /* PhotoMetadata.swift */,
				8AF0451F21CED0C200B5EE38 /* DownloadImage.swift */,
				8AF0451321CD6DCE00B5EE38 /* PhotoSearch.swift */,
				8AF0451D21CECF5000B5EE38 /* PhotoParse.swift */,
				8AC166A121D667750094D9E2 /* PagedPhotoResponse.swift */,
			);
			path = "Photo Client";
			sourceTree = "<group>";
		};
		8A40625D21DD196900CE62A8 /* Config Cient */ = {
			isa = PBXGroup;
			children = (
				8A40625E21DD1EC900CE62A8 /* FetchConfigFeed.swift */,
				8A40626221DD3F7300CE62A8 /* Config.swift */,
				8A40626421DD43A200CE62A8 /* Category.swift */,
				8A40626621DD589000CE62A8 /* PhotoDownload.swift */,
				8A40626821DDB68C00CE62A8 /* SearchPhotos.swift */,
			);
			path = "Config Cient";
			sourceTree = "<group>";
		};
		8A460CF821CB487A00327259 = {
			isa = PBXGroup;
			children = (
				8A460D0321CB487A00327259 /* Fottos */,
				8A460D1B21CB487B00327259 /* FottosTests */,
				8A460D2621CB487B00327259 /* FottosUITests */,
				8A460D0221CB487A00327259 /* Products */,
				8AABBA0821D4508600C5CA92 /* Frameworks */,
			);
			sourceTree = "<group>";
		};
		8A460D0221CB487A00327259 /* Products */ = {
			isa = PBXGroup;
			children = (
				8A460D0121CB487A00327259 /* Fottos.app */,
				8A460D1821CB487B00327259 /* FottosTests.xctest */,
				8A460D2321CB487B00327259 /* FottosUITests.xctest */,
			);
			name = Products;
			sourceTree = "<group>";
		};
		8A460D0321CB487A00327259 /* Fottos */ = {
			isa = PBXGroup;
			children = (
				8A460D0421CB487A00327259 /* AppDelegate.swift */,
				8A460D0821CB487A00327259 /* HomeTabBar.storyboard */,
				8A460D3521CB488500327259 /* View Controllers */,
				8AC166F521D84F2F0094D9E2 /* Core Data */,
				8A460D3821CB53D700327259 /* Network Layer */,
				8A460D3721CB48C300327259 /* Extras */,
				8A460D1321CB487B00327259 /* Info.plist */,
			);
			path = Fottos;
			sourceTree = "<group>";
		};
		8A460D1B21CB487B00327259 /* FottosTests */ = {
			isa = PBXGroup;
			children = (
				8A460D1C21CB487B00327259 /* FottosTests.swift */,
				8A40628221E228D000CE62A8 /* PhotoMetadataTests.swift */,
				8A460D1E21CB487B00327259 /* Info.plist */,
			);
			path = FottosTests;
			sourceTree = "<group>";
		};
		8A460D2621CB487B00327259 /* FottosUITests */ = {
			isa = PBXGroup;
			children = (
				8A460D2721CB487B00327259 /* FottosUITests.swift */,
				8A460D2921CB487B00327259 /* Info.plist */,
			);
			path = FottosUITests;
			sourceTree = "<group>";
		};
		8A460D3521CB488500327259 /* View Controllers */ = {
			isa = PBXGroup;
			children = (
				8A40625221DBE93400CE62A8 /* Tabs */,
				8A050F8F21D00A2F0045953C /* Thumbnails */,
				8AF0452321CF574600B5EE38 /* Details */,
				8AF0C84621D01FB300E418D4 /* Slideshow */,
			);
			path = "View Controllers";
			sourceTree = "<group>";
		};
		8A460D3621CB48AD00327259 /* Model */ = {
			isa = PBXGroup;
			children = (
				8A2D043721D5C30F00CD344E /* Fottos.xcdatamodeld */,
			);
			path = Model;
			sourceTree = "<group>";
		};
		8A460D3721CB48C300327259 /* Extras */ = {
			isa = PBXGroup;
			children = (
				8A050F8D21CFDE530045953C /* Assets.xcassets */,
				8AF0451521CD6E3C00B5EE38 /* Utils.swift */,
				8A40627021DFCA5700CE62A8 /* TypeAliases.swift */,
				8AC166A321D7ABAE0094D9E2 /* Named.swift */,
				8A40626021DD22DA00CE62A8 /* Shared.xcconfig */,
				8A40625A21DD15D000CE62A8 /* config.json */,
				8A40627921DFF68B00CE62A8 /* Localizable.strings */,
				8A460D1021CB487B00327259 /* LaunchScreen.storyboard */,
			);
			path = Extras;
			sourceTree = "<group>";
		};
		8A460D3821CB53D700327259 /* Network Layer */ = {
			isa = PBXGroup;
			children = (
				8A40625321DBEAF800CE62A8 /* Photo Client */,
				8A40625D21DD196900CE62A8 /* Config Cient */,
				8AF0450D21CC812300B5EE38 /* RequestData.swift */,
				8A40625821DC63F300CE62A8 /* RequestType.swift */,
				8A40625621DC63C000CE62A8 /* NetworkError.swift */,
				8A40625421DC639A00CE62A8 /* HttpMethod.swift */,
				8AF0451721CDEFD600B5EE38 /* NetworkDispatcher.swift */,
				8AF0451921CDF57800B5EE38 /* Endpoint.swift */,
			);
			path = "Network Layer";
			sourceTree = "<group>";
		};
		8A460D3B21CB553B00327259 /* Explore */ = {
			isa = PBXGroup;
			children = (
				8A460D3921CB546000327259 /* ExploreCollectionViewController.swift */,
				8A40626A21DDD06500CE62A8 /* ExploreViewModel.swift */,
				8A460D3F21CB564000327259 /* CategoryCollectionViewCell.swift */,
			);
			path = Explore;
			sourceTree = "<group>";
		};
		8AABBA0821D4508600C5CA92 /* Frameworks */ = {
			isa = PBXGroup;
			children = (
				8AABBA0921D4508600C5CA92 /* CoreData.framework */,
			);
			name = Frameworks;
			sourceTree = "<group>";
		};
		8AC166F521D84F2F0094D9E2 /* Core Data */ = {
			isa = PBXGroup;
			children = (
				8AC166F721D8510D0094D9E2 /* Helpers */,
				8AC166F621D850240094D9E2 /* Classes */,
				8A460D3621CB48AD00327259 /* Model */,
			);
			path = "Core Data";
			sourceTree = "<group>";
		};
		8AC166F621D850240094D9E2 /* Classes */ = {
			isa = PBXGroup;
			children = (
				8AC1669A21D5C3BF0094D9E2 /* Favorite+CoreDataClass.swift */,
				8AC1669B21D5C3BF0094D9E2 /* Favorite+CoreDataProperties.swift */,
				8AC166F121D7C1950094D9E2 /* Search+CoreDataClass.swift */,
				8AC166F221D7C1950094D9E2 /* Search+CoreDataProperties.swift */,
			);
			path = Classes;
			sourceTree = "<group>";
		};
		8AC166F721D8510D0094D9E2 /* Helpers */ = {
			isa = PBXGroup;
			children = (
				8AABBA0621D44FE000C5CA92 /* Store.swift */,
				8AC166F821D851290094D9E2 /* ManagedObjectType.swift */,
			);
			path = Helpers;
			sourceTree = "<group>";
		};
		8AF0452321CF574600B5EE38 /* Details */ = {
			isa = PBXGroup;
			children = (
				8A40627D21DFF76E00CE62A8 /* Details.storyboard */,
				8AF0450B21CC213C00B5EE38 /* DetailViewController.swift */,
			);
			path = Details;
			sourceTree = "<group>";
		};
		8AF0452421CF576300B5EE38 /* Search */ = {
			isa = PBXGroup;
			children = (
				8AF0450F21CD56FE00B5EE38 /* SearchViewController.swift */,
				8A40624A21DA849800CE62A8 /* SearchViewModel.swift */,
			);
			path = Search;
			sourceTree = "<group>";
		};
		8AF0C84621D01FB300E418D4 /* Slideshow */ = {
			isa = PBXGroup;
			children = (
				8AF0C84721D01FDF00E418D4 /* Slideshow.storyboard */,
				8AF0C85221D02B3B00E418D4 /* SlideShowCollectionViewController.swift */,
				8A40625021DB14C200CE62A8 /* SlideshowViewModel.swift */,
				8AABB9FE21D3F8B800C5CA92 /* SlideshowCollectionViewCell.swift */,
			);
			path = Slideshow;
			sourceTree = "<group>";
		};
/* End PBXGroup section */

/* Begin PBXNativeTarget section */
		8A460D0021CB487A00327259 /* Fottos */ = {
			isa = PBXNativeTarget;
			buildConfigurationList = 8A460D2C21CB487B00327259 /* Build configuration list for PBXNativeTarget "Fottos" */;
			buildPhases = (
				8A460CFD21CB487A00327259 /* Sources */,
				8A460CFE21CB487A00327259 /* Frameworks */,
				8A460CFF21CB487A00327259 /* Resources */,
			);
			buildRules = (
			);
			dependencies = (
			);
			name = Fottos;
			productName = Fottos;
			productReference = 8A460D0121CB487A00327259 /* Fottos.app */;
			productType = "com.apple.product-type.application";
		};
		8A460D1721CB487B00327259 /* FottosTests */ = {
			isa = PBXNativeTarget;
			buildConfigurationList = 8A460D2F21CB487B00327259 /* Build configuration list for PBXNativeTarget "FottosTests" */;
			buildPhases = (
				8A460D1421CB487B00327259 /* Sources */,
				8A460D1521CB487B00327259 /* Frameworks */,
				8A460D1621CB487B00327259 /* Resources */,
			);
			buildRules = (
			);
			dependencies = (
				8A460D1A21CB487B00327259 /* PBXTargetDependency */,
			);
			name = FottosTests;
			productName = FottosTests;
			productReference = 8A460D1821CB487B00327259 /* FottosTests.xctest */;
			productType = "com.apple.product-type.bundle.unit-test";
		};
		8A460D2221CB487B00327259 /* FottosUITests */ = {
			isa = PBXNativeTarget;
			buildConfigurationList = 8A460D3221CB487B00327259 /* Build configuration list for PBXNativeTarget "FottosUITests" */;
			buildPhases = (
				8A460D1F21CB487B00327259 /* Sources */,
				8A460D2021CB487B00327259 /* Frameworks */,
				8A460D2121CB487B00327259 /* Resources */,
			);
			buildRules = (
			);
			dependencies = (
				8A460D2521CB487B00327259 /* PBXTargetDependency */,
			);
			name = FottosUITests;
			productName = FottosUITests;
			productReference = 8A460D2321CB487B00327259 /* FottosUITests.xctest */;
			productType = "com.apple.product-type.bundle.ui-testing";
		};
/* End PBXNativeTarget section */

/* Begin PBXProject section */
		8A460CF921CB487A00327259 /* Project object */ = {
			isa = PBXProject;
			attributes = {
				LastSwiftUpdateCheck = 1010;
				LastUpgradeCheck = 1010;
				ORGANIZATIONNAME = "Novus Mobile";
				TargetAttributes = {
					8A460D0021CB487A00327259 = {
						CreatedOnToolsVersion = 10.1;
					};
					8A460D1721CB487B00327259 = {
						CreatedOnToolsVersion = 10.1;
						TestTargetID = 8A460D0021CB487A00327259;
					};
					8A460D2221CB487B00327259 = {
						CreatedOnToolsVersion = 10.1;
						TestTargetID = 8A460D0021CB487A00327259;
					};
				};
			};
			buildConfigurationList = 8A460CFC21CB487A00327259 /* Build configuration list for PBXProject "Fottos" */;
			compatibilityVersion = "Xcode 9.3";
			developmentRegion = en;
			hasScannedForEncodings = 0;
			knownRegions = (
				en,
				Base,
				es,
			);
			mainGroup = 8A460CF821CB487A00327259;
			productRefGroup = 8A460D0221CB487A00327259 /* Products */;
			projectDirPath = "";
			projectRoot = "";
			targets = (
				8A460D0021CB487A00327259 /* Fottos */,
				8A460D1721CB487B00327259 /* FottosTests */,
				8A460D2221CB487B00327259 /* FottosUITests */,
			);
		};
/* End PBXProject section */

/* Begin PBXResourcesBuildPhase section */
		8A460CFF21CB487A00327259 /* Resources */ = {
			isa = PBXResourcesBuildPhase;
			buildActionMask = 2147483647;
			files = (
				8A40625B21DD15D000CE62A8 /* config.json in Resources */,
				8A460D1221CB487B00327259 /* LaunchScreen.storyboard in Resources */,
				8A40627B21DFF76E00CE62A8 /* Details.storyboard in Resources */,
				8A050F8E21CFDE530045953C /* Assets.xcassets in Resources */,
				8A40627721DFF68B00CE62A8 /* Localizable.strings in Resources */,
				8A460D0A21CB487A00327259 /* HomeTabBar.storyboard in Resources */,
				8A40626121DD22DF00CE62A8 /* Shared.xcconfig in Resources */,
				8AF0C84921D01FDF00E418D4 /* Slideshow.storyboard in Resources */,
				8AABB9FC21D3EC4A00C5CA92 /* Thumbnail.storyboard in Resources */,
			);
			runOnlyForDeploymentPostprocessing = 0;
		};
		8A460D1621CB487B00327259 /* Resources */ = {
			isa = PBXResourcesBuildPhase;
			buildActionMask = 2147483647;
			files = (
			);
			runOnlyForDeploymentPostprocessing = 0;
		};
		8A460D2121CB487B00327259 /* Resources */ = {
			isa = PBXResourcesBuildPhase;
			buildActionMask = 2147483647;
			files = (
			);
			runOnlyForDeploymentPostprocessing = 0;
		};
/* End PBXResourcesBuildPhase section */

/* Begin PBXSourcesBuildPhase section */
		8A460CFD21CB487A00327259 /* Sources */ = {
			isa = PBXSourcesBuildPhase;
			buildActionMask = 2147483647;
			files = (
				8AF0451221CD6D4B00B5EE38 /* PhotoMetadata.swift in Sources */,
				8A050F9121D00A620045953C /* ThumbnailCollectionViewController.swift in Sources */,
				8A40626D21DE538000CE62A8 /* FetchPerPageUITableViewCell.swift in Sources */,
				8A40627121DFCA5700CE62A8 /* TypeAliases.swift in Sources */,
				8A460D4021CB564000327259 /* CategoryCollectionViewCell.swift in Sources */,
				8AF0C85321D02B3B00E418D4 /* SlideShowCollectionViewController.swift in Sources */,
				8AABBA0721D44FE000C5CA92 /* Store.swift in Sources */,
				8AABB9FF21D3F8B800C5CA92 /* SlideshowCollectionViewCell.swift in Sources */,
				8A40626B21DDD06500CE62A8 /* ExploreViewModel.swift in Sources */,
				8AF0451021CD56FE00B5EE38 /* SearchViewController.swift in Sources */,
				8A40624F21DAA3DA00CE62A8 /* SettingsViewModel.swift in Sources */,
				8AF0451821CDEFD600B5EE38 /* NetworkDispatcher.swift in Sources */,
				8A460D0521CB487A00327259 /* AppDelegate.swift in Sources */,
				8AF0450C21CC213C00B5EE38 /* DetailViewController.swift in Sources */,
				8AC166A221D667750094D9E2 /* PagedPhotoResponse.swift in Sources */,
				8AC166F321D7C1950094D9E2 /* Search+CoreDataClass.swift in Sources */,
				8A050F9421D00FB80045953C /* FavoritesViewController.swift in Sources */,
				8AF0451621CD6E3C00B5EE38 /* Utils.swift in Sources */,
				8A40626F21DE9CC900CE62A8 /* ThumbnailCollectionViewCell.swift in Sources */,
				8A40626921DDB68C00CE62A8 /* SearchPhotos.swift in Sources */,
				8AF0450E21CC812300B5EE38 /* RequestData.swift in Sources */,
				8A40626721DD589000CE62A8 /* PhotoDownload.swift in Sources */,
				8AC1669C21D5C3BF0094D9E2 /* Favorite+CoreDataClass.swift in Sources */,
				8AABBA0121D43E8700C5CA92 /* FetchPerPage.swift in Sources */,
				8A40624D21DA98E800CE62A8 /* FavoritesViewModel.swift in Sources */,
				8AF0451421CD6DCE00B5EE38 /* PhotoSearch.swift in Sources */,
				8A40625121DB14C200CE62A8 /* SlideshowViewModel.swift in Sources */,
				8A2D043921D5C30F00CD344E /* Fottos.xcdatamodeld in Sources */,
				8AC166A421D7ABAE0094D9E2 /* Named.swift in Sources */,
				8A40626321DD3F7300CE62A8 /* Config.swift in Sources */,
				8AF0452021CED0C200B5EE38 /* DownloadImage.swift in Sources */,
				8AC1669F21D65E4D0094D9E2 /* ThumbnailViewModel.swift in Sources */,
				8A40625F21DD1EC900CE62A8 /* FetchConfigFeed.swift in Sources */,
				8A40624921D99E0500CE62A8 /* SettingsViewController.swift in Sources */,
				8A40624B21DA849800CE62A8 /* SearchViewModel.swift in Sources */,
				8AC1669D21D5C3BF0094D9E2 /* Favorite+CoreDataProperties.swift in Sources */,
				8AF0451E21CECF5000B5EE38 /* PhotoParse.swift in Sources */,
				8A40625721DC63C000CE62A8 /* NetworkError.swift in Sources */,
				8AF0451A21CDF57800B5EE38 /* Endpoint.swift in Sources */,
				8A460D3A21CB546000327259 /* ExploreCollectionViewController.swift in Sources */,
				8AC166F421D7C1950094D9E2 /* Search+CoreDataProperties.swift in Sources */,
				8A40626521DD43A200CE62A8 /* Category.swift in Sources */,
				8A40625521DC639A00CE62A8 /* HttpMethod.swift in Sources */,
				8AC166F921D851290094D9E2 /* ManagedObjectType.swift in Sources */,
				8A40625921DC63F300CE62A8 /* RequestType.swift in Sources */,
			);
			runOnlyForDeploymentPostprocessing = 0;
		};
		8A460D1421CB487B00327259 /* Sources */ = {
			isa = PBXSourcesBuildPhase;
			buildActionMask = 2147483647;
			files = (
				8A40629121E3DDA700CE62A8 /* SearchPhotos.swift in Sources */,
				8A40628D21E3DD5400CE62A8 /* PhotoSearch.swift in Sources */,
				8A40629021E3DD7D00CE62A8 /* PagedPhotoResponse.swift in Sources */,
				8A460D1D21CB487B00327259 /* FottosTests.swift in Sources */,
				8A40629321E3DE2B00CE62A8 /* PhotoDownload.swift in Sources */,
				8A40629221E3DE0600CE62A8 /* Config.swift in Sources */,
				8A40628521E3D99000CE62A8 /* DownloadImage.swift in Sources */,
				8A40629421E3DE3100CE62A8 /* FetchPerPage.swift in Sources */,
				8A40628E21E3DD5E00CE62A8 /* Endpoint.swift in Sources */,
				8A40628821E3DBC200CE62A8 /* RequestType.swift in Sources */,
				8A40628B21E3DD2F00CE62A8 /* NetworkDispatcher.swift in Sources */,
				8A40629521E3DE3800CE62A8 /* Category.swift in Sources */,
				8A40628321E228D000CE62A8 /* PhotoMetadataTests.swift in Sources */,
				8A40628A21E3DCC400CE62A8 /* HttpMethod.swift in Sources */,
				8A40628621E3D9AC00CE62A8 /* TypeAliases.swift in Sources */,
				8A40628421E2298200CE62A8 /* PhotoMetadata.swift in Sources */,
				8A40628F21E3DD7A00CE62A8 /* PhotoParse.swift in Sources */,
				8A40628721E3DA3000CE62A8 /* Utils.swift in Sources */,
				8A40628C21E3DD4800CE62A8 /* NetworkError.swift in Sources */,
				8A40628921E3DCA900CE62A8 /* RequestData.swift in Sources */,
			);
			runOnlyForDeploymentPostprocessing = 0;
		};
		8A460D1F21CB487B00327259 /* Sources */ = {
			isa = PBXSourcesBuildPhase;
			buildActionMask = 2147483647;
			files = (
				8A460D2821CB487B00327259 /* FottosUITests.swift in Sources */,
			);
			runOnlyForDeploymentPostprocessing = 0;
		};
/* End PBXSourcesBuildPhase section */

/* Begin PBXTargetDependency section */
		8A460D1A21CB487B00327259 /* PBXTargetDependency */ = {
			isa = PBXTargetDependency;
			target = 8A460D0021CB487A00327259 /* Fottos */;
			targetProxy = 8A460D1921CB487B00327259 /* PBXContainerItemProxy */;
		};
		8A460D2521CB487B00327259 /* PBXTargetDependency */ = {
			isa = PBXTargetDependency;
			target = 8A460D0021CB487A00327259 /* Fottos */;
			targetProxy = 8A460D2421CB487B00327259 /* PBXContainerItemProxy */;
		};
/* End PBXTargetDependency section */

/* Begin PBXVariantGroup section */
		8A40627921DFF68B00CE62A8 /* Localizable.strings */ = {
			isa = PBXVariantGroup;
			children = (
				8A40627821DFF68B00CE62A8 /* es */,
			);
			name = Localizable.strings;
			sourceTree = "<group>";
		};
		8A40627D21DFF76E00CE62A8 /* Details.storyboard */ = {
			isa = PBXVariantGroup;
			children = (
				8A40627C21DFF76E00CE62A8 /* Base */,
				8A40627F21DFF77500CE62A8 /* en */,
				8A40628121DFF77600CE62A8 /* es */,
			);
			name = Details.storyboard;
			sourceTree = "<group>";
		};
		8A460D0821CB487A00327259 /* HomeTabBar.storyboard */ = {
			isa = PBXVariantGroup;
			children = (
				8A460D0921CB487A00327259 /* Base */,
				8A40627421DFF4AB00CE62A8 /* es */,
			);
			name = HomeTabBar.storyboard;
			sourceTree = "<group>";
		};
		8A460D1021CB487B00327259 /* LaunchScreen.storyboard */ = {
			isa = PBXVariantGroup;
			children = (
				8A460D1121CB487B00327259 /* Base */,
				8A40627621DFF4AC00CE62A8 /* es */,
			);
			name = LaunchScreen.storyboard;
			sourceTree = "<group>";
		};
		8AF0C84721D01FDF00E418D4 /* Slideshow.storyboard */ = {
			isa = PBXVariantGroup;
			children = (
				8AF0C84821D01FDF00E418D4 /* Base */,
				8A40627521DFF4AB00CE62A8 /* es */,
			);
			name = Slideshow.storyboard;
			sourceTree = "<group>";
		};
/* End PBXVariantGroup section */

/* Begin XCBuildConfiguration section */
		8A460D2A21CB487B00327259 /* Debug */ = {
			isa = XCBuildConfiguration;
			baseConfigurationReference = 8A40626021DD22DA00CE62A8 /* Shared.xcconfig */;
			buildSettings = {
				ALWAYS_SEARCH_USER_PATHS = NO;
				CLANG_ANALYZER_LOCALIZABILITY_NONLOCALIZED = YES;
				CLANG_ANALYZER_NONNULL = YES;
				CLANG_ANALYZER_NUMBER_OBJECT_CONVERSION = YES_AGGRESSIVE;
				CLANG_CXX_LANGUAGE_STANDARD = "gnu++14";
				CLANG_CXX_LIBRARY = "libc++";
				CLANG_ENABLE_MODULES = YES;
				CLANG_ENABLE_OBJC_ARC = YES;
				CLANG_ENABLE_OBJC_WEAK = YES;
				CLANG_WARN_BLOCK_CAPTURE_AUTORELEASING = YES;
				CLANG_WARN_BOOL_CONVERSION = YES;
				CLANG_WARN_COMMA = YES;
				CLANG_WARN_CONSTANT_CONVERSION = YES;
				CLANG_WARN_DEPRECATED_OBJC_IMPLEMENTATIONS = YES;
				CLANG_WARN_DIRECT_OBJC_ISA_USAGE = YES_ERROR;
				CLANG_WARN_DOCUMENTATION_COMMENTS = YES;
				CLANG_WARN_EMPTY_BODY = YES;
				CLANG_WARN_ENUM_CONVERSION = YES;
				CLANG_WARN_INFINITE_RECURSION = YES;
				CLANG_WARN_INT_CONVERSION = YES;
				CLANG_WARN_NON_LITERAL_NULL_CONVERSION = YES;
				CLANG_WARN_OBJC_IMPLICIT_RETAIN_SELF = YES;
				CLANG_WARN_OBJC_LITERAL_CONVERSION = YES;
				CLANG_WARN_OBJC_ROOT_CLASS = YES_ERROR;
				CLANG_WARN_RANGE_LOOP_ANALYSIS = YES;
				CLANG_WARN_STRICT_PROTOTYPES = YES;
				CLANG_WARN_SUSPICIOUS_MOVE = YES;
				CLANG_WARN_UNGUARDED_AVAILABILITY = YES_AGGRESSIVE;
				CLANG_WARN_UNREACHABLE_CODE = YES;
				CLANG_WARN__DUPLICATE_METHOD_MATCH = YES;
				CODE_SIGN_IDENTITY = "iPhone Developer";
				COPY_PHASE_STRIP = NO;
				DEBUG_INFORMATION_FORMAT = dwarf;
				ENABLE_STRICT_OBJC_MSGSEND = YES;
				ENABLE_TESTABILITY = YES;
				GCC_C_LANGUAGE_STANDARD = gnu11;
				GCC_DYNAMIC_NO_PIC = NO;
				GCC_NO_COMMON_BLOCKS = YES;
				GCC_OPTIMIZATION_LEVEL = 0;
				GCC_PREPROCESSOR_DEFINITIONS = (
					"DEBUG=1",
					"$(inherited)",
				);
				GCC_WARN_64_TO_32_BIT_CONVERSION = YES;
				GCC_WARN_ABOUT_RETURN_TYPE = YES_ERROR;
				GCC_WARN_UNDECLARED_SELECTOR = YES;
				GCC_WARN_UNINITIALIZED_AUTOS = YES_AGGRESSIVE;
				GCC_WARN_UNUSED_FUNCTION = YES;
				GCC_WARN_UNUSED_VARIABLE = YES;
				IPHONEOS_DEPLOYMENT_TARGET = 12.1;
				MTL_ENABLE_DEBUG_INFO = INCLUDE_SOURCE;
				MTL_FAST_MATH = YES;
				ONLY_ACTIVE_ARCH = YES;
				SDKROOT = iphoneos;
				SWIFT_ACTIVE_COMPILATION_CONDITIONS = DEBUG;
				SWIFT_OPTIMIZATION_LEVEL = "-Onone";
			};
			name = Debug;
		};
		8A460D2B21CB487B00327259 /* Release */ = {
			isa = XCBuildConfiguration;
			baseConfigurationReference = 8A40626021DD22DA00CE62A8 /* Shared.xcconfig */;
			buildSettings = {
				ALWAYS_SEARCH_USER_PATHS = NO;
				CLANG_ANALYZER_LOCALIZABILITY_NONLOCALIZED = YES;
				CLANG_ANALYZER_NONNULL = YES;
				CLANG_ANALYZER_NUMBER_OBJECT_CONVERSION = YES_AGGRESSIVE;
				CLANG_CXX_LANGUAGE_STANDARD = "gnu++14";
				CLANG_CXX_LIBRARY = "libc++";
				CLANG_ENABLE_MODULES = YES;
				CLANG_ENABLE_OBJC_ARC = YES;
				CLANG_ENABLE_OBJC_WEAK = YES;
				CLANG_WARN_BLOCK_CAPTURE_AUTORELEASING = YES;
				CLANG_WARN_BOOL_CONVERSION = YES;
				CLANG_WARN_COMMA = YES;
				CLANG_WARN_CONSTANT_CONVERSION = YES;
				CLANG_WARN_DEPRECATED_OBJC_IMPLEMENTATIONS = YES;
				CLANG_WARN_DIRECT_OBJC_ISA_USAGE = YES_ERROR;
				CLANG_WARN_DOCUMENTATION_COMMENTS = YES;
				CLANG_WARN_EMPTY_BODY = YES;
				CLANG_WARN_ENUM_CONVERSION = YES;
				CLANG_WARN_INFINITE_RECURSION = YES;
				CLANG_WARN_INT_CONVERSION = YES;
				CLANG_WARN_NON_LITERAL_NULL_CONVERSION = YES;
				CLANG_WARN_OBJC_IMPLICIT_RETAIN_SELF = YES;
				CLANG_WARN_OBJC_LITERAL_CONVERSION = YES;
				CLANG_WARN_OBJC_ROOT_CLASS = YES_ERROR;
				CLANG_WARN_RANGE_LOOP_ANALYSIS = YES;
				CLANG_WARN_STRICT_PROTOTYPES = YES;
				CLANG_WARN_SUSPICIOUS_MOVE = YES;
				CLANG_WARN_UNGUARDED_AVAILABILITY = YES_AGGRESSIVE;
				CLANG_WARN_UNREACHABLE_CODE = YES;
				CLANG_WARN__DUPLICATE_METHOD_MATCH = YES;
				CODE_SIGN_IDENTITY = "iPhone Developer";
				COPY_PHASE_STRIP = NO;
				DEBUG_INFORMATION_FORMAT = "dwarf-with-dsym";
				ENABLE_NS_ASSERTIONS = NO;
				ENABLE_STRICT_OBJC_MSGSEND = YES;
				FLICKR_API_KEY = 1508443e49213ff84d566777dc211f2a;
				GCC_C_LANGUAGE_STANDARD = gnu11;
				GCC_NO_COMMON_BLOCKS = YES;
				GCC_WARN_64_TO_32_BIT_CONVERSION = YES;
				GCC_WARN_ABOUT_RETURN_TYPE = YES_ERROR;
				GCC_WARN_UNDECLARED_SELECTOR = YES;
				GCC_WARN_UNINITIALIZED_AUTOS = YES_AGGRESSIVE;
				GCC_WARN_UNUSED_FUNCTION = YES;
				GCC_WARN_UNUSED_VARIABLE = YES;
				IPHONEOS_DEPLOYMENT_TARGET = 12.1;
				MTL_ENABLE_DEBUG_INFO = NO;
				MTL_FAST_MATH = YES;
				SDKROOT = iphoneos;
				SWIFT_COMPILATION_MODE = wholemodule;
				SWIFT_OPTIMIZATION_LEVEL = "-O";
				VALIDATE_PRODUCT = YES;
			};
			name = Release;
		};
		8A460D2D21CB487B00327259 /* Debug */ = {
			isa = XCBuildConfiguration;
			buildSettings = {
				ASSETCATALOG_COMPILER_APPICON_NAME = AppIcon;
				CODE_SIGN_STYLE = Manual;
				DEVELOPMENT_TEAM = J2EY74W5G9;
				INFOPLIST_FILE = Fottos/Info.plist;
				IPHONEOS_DEPLOYMENT_TARGET = 11.4;
				LD_RUNPATH_SEARCH_PATHS = (
					"$(inherited)",
					"@executable_path/Frameworks",
				);
				PRODUCT_BUNDLE_IDENTIFIER = novusmobile.com.Fotos;
				PRODUCT_NAME = "$(TARGET_NAME)";
				PROVISIONING_PROFILE_SPECIFIER = "Dev Fotos";
				SWIFT_VERSION = 4.2;
				TARGETED_DEVICE_FAMILY = "1,2";
			};
			name = Debug;
		};
		8A460D2E21CB487B00327259 /* Release */ = {
			isa = XCBuildConfiguration;
			buildSettings = {
				ASSETCATALOG_COMPILER_APPICON_NAME = AppIcon;
				CODE_SIGN_IDENTITY = "iPhone Distribution";
				CODE_SIGN_STYLE = Manual;
				DEVELOPMENT_TEAM = J2EY74W5G9;
				INFOPLIST_FILE = Fottos/Info.plist;
				IPHONEOS_DEPLOYMENT_TARGET = 11.4;
				LD_RUNPATH_SEARCH_PATHS = (
					"$(inherited)",
					"@executable_path/Frameworks",
				);
				PRODUCT_BUNDLE_IDENTIFIER = novusmobile.com.Fotos;
				PRODUCT_NAME = "$(TARGET_NAME)";
				PROVISIONING_PROFILE_SPECIFIER = "Fottos PROD";
				SWIFT_VERSION = 4.2;
				TARGETED_DEVICE_FAMILY = "1,2";
			};
			name = Release;
		};
		8A460D3021CB487B00327259 /* Debug */ = {
			isa = XCBuildConfiguration;
			buildSettings = {
				ALWAYS_EMBED_SWIFT_STANDARD_LIBRARIES = YES;
				BUNDLE_LOADER = "$(TEST_HOST)";
				CODE_SIGN_STYLE = Automatic;
				DEVELOPMENT_TEAM = J2EY74W5G9;
				INFOPLIST_FILE = FottosTests/Info.plist;
				LD_RUNPATH_SEARCH_PATHS = (
					"$(inherited)",
					"@executable_path/Frameworks",
					"@loader_path/Frameworks",
				);
				PRODUCT_BUNDLE_IDENTIFIER = novusmobile.com.FottosTests;
				PRODUCT_NAME = "$(TARGET_NAME)";
				SWIFT_VERSION = 4.2;
				TARGETED_DEVICE_FAMILY = "1,2";
				TEST_HOST = "$(BUILT_PRODUCTS_DIR)/Fottos.app/Fottos";
			};
			name = Debug;
		};
		8A460D3121CB487B00327259 /* Release */ = {
			isa = XCBuildConfiguration;
			buildSettings = {
				ALWAYS_EMBED_SWIFT_STANDARD_LIBRARIES = YES;
				BUNDLE_LOADER = "$(TEST_HOST)";
				CODE_SIGN_STYLE = Automatic;
				DEVELOPMENT_TEAM = J2EY74W5G9;
				INFOPLIST_FILE = FottosTests/Info.plist;
				LD_RUNPATH_SEARCH_PATHS = (
					"$(inherited)",
					"@executable_path/Frameworks",
					"@loader_path/Frameworks",
				);
				PRODUCT_BUNDLE_IDENTIFIER = novusmobile.com.FottosTests;
				PRODUCT_NAME = "$(TARGET_NAME)";
				SWIFT_VERSION = 4.2;
				TARGETED_DEVICE_FAMILY = "1,2";
				TEST_HOST = "$(BUILT_PRODUCTS_DIR)/Fottos.app/Fottos";
			};
			name = Release;
		};
		8A460D3321CB487B00327259 /* Debug */ = {
			isa = XCBuildConfiguration;
			buildSettings = {
				ALWAYS_EMBED_SWIFT_STANDARD_LIBRARIES = YES;
				CODE_SIGN_STYLE = Automatic;
				DEVELOPMENT_TEAM = J2EY74W5G9;
				INFOPLIST_FILE = FottosUITests/Info.plist;
				LD_RUNPATH_SEARCH_PATHS = (
					"$(inherited)",
					"@executable_path/Frameworks",
					"@loader_path/Frameworks",
				);
				PRODUCT_BUNDLE_IDENTIFIER = novusmobile.com.FottosUITests;
				PRODUCT_NAME = "$(TARGET_NAME)";
				SWIFT_VERSION = 4.2;
				TARGETED_DEVICE_FAMILY = "1,2";
				TEST_TARGET_NAME = Fottos;
			};
			name = Debug;
		};
		8A460D3421CB487B00327259 /* Release */ = {
			isa = XCBuildConfiguration;
			buildSettings = {
				ALWAYS_EMBED_SWIFT_STANDARD_LIBRARIES = YES;
				CODE_SIGN_STYLE = Automatic;
				DEVELOPMENT_TEAM = J2EY74W5G9;
				INFOPLIST_FILE = FottosUITests/Info.plist;
				LD_RUNPATH_SEARCH_PATHS = (
					"$(inherited)",
					"@executable_path/Frameworks",
					"@loader_path/Frameworks",
				);
				PRODUCT_BUNDLE_IDENTIFIER = novusmobile.com.FottosUITests;
				PRODUCT_NAME = "$(TARGET_NAME)";
				SWIFT_VERSION = 4.2;
				TARGETED_DEVICE_FAMILY = "1,2";
				TEST_TARGET_NAME = Fottos;
			};
			name = Release;
		};
/* End XCBuildConfiguration section */

/* Begin XCConfigurationList section */
		8A460CFC21CB487A00327259 /* Build configuration list for PBXProject "Fottos" */ = {
			isa = XCConfigurationList;
			buildConfigurations = (
				8A460D2A21CB487B00327259 /* Debug */,
				8A460D2B21CB487B00327259 /* Release */,
			);
			defaultConfigurationIsVisible = 0;
			defaultConfigurationName = Release;
		};
		8A460D2C21CB487B00327259 /* Build configuration list for PBXNativeTarget "Fottos" */ = {
			isa = XCConfigurationList;
			buildConfigurations = (
				8A460D2D21CB487B00327259 /* Debug */,
				8A460D2E21CB487B00327259 /* Release */,
			);
			defaultConfigurationIsVisible = 0;
			defaultConfigurationName = Release;
		};
		8A460D2F21CB487B00327259 /* Build configuration list for PBXNativeTarget "FottosTests" */ = {
			isa = XCConfigurationList;
			buildConfigurations = (
				8A460D3021CB487B00327259 /* Debug */,
				8A460D3121CB487B00327259 /* Release */,
			);
			defaultConfigurationIsVisible = 0;
			defaultConfigurationName = Release;
		};
		8A460D3221CB487B00327259 /* Build configuration list for PBXNativeTarget "FottosUITests" */ = {
			isa = XCConfigurationList;
			buildConfigurations = (
				8A460D3321CB487B00327259 /* Debug */,
				8A460D3421CB487B00327259 /* Release */,
			);
			defaultConfigurationIsVisible = 0;
			defaultConfigurationName = Release;
		};
/* End XCConfigurationList section */

/* Begin XCVersionGroup section */
		8A2D043721D5C30F00CD344E /* Fottos.xcdatamodeld */ = {
			isa = XCVersionGroup;
			children = (
				8A2D043821D5C30F00CD344E /* Fottos.xcdatamodel */,
			);
			currentVersion = 8A2D043821D5C30F00CD344E /* Fottos.xcdatamodel */;
			path = Fottos.xcdatamodeld;
			sourceTree = "<group>";
			versionGroupType = wrapper.xcdatamodel;
		};
/* End XCVersionGroup section */
	};
	rootObject = 8A460CF921CB487A00327259 /* Project object */;
}
